
Microsoft Visual Studio Solution File, Format Version 12.00
# Visual Studio 15
Project("{FAE04EC0-301F-11D3-BF4B-00C04F79EFBC}") = "spine-unity-editor", "spine-unity-editor.csproj", "{F125F787-6F29-6D37-20C2-E8AF068221A4}"
EndProject
Project("{FAE04EC0-301F-11D3-BF4B-00C04F79EFBC}") = "Unity.Timeline", "Unity.Timeline.csproj", "{AA71CFAB-420E-E867-0666-4F0F82B56279}"
EndProject
Project("{FAE04EC0-301F-11D3-BF4B-00C04F79EFBC}") = "Dreamteck.Splines", "Dreamteck.Splines.csproj", "{0C7B0C10-A0E4-BE4F-70A4-361891A23E6E}"
EndProject
Project("{FAE04EC0-301F-11D3-BF4B-00C04F79EFBC}") = "Unity.Timeline.Editor", "Unity.Timeline.Editor.csproj", "{9DC54C43-50D1-95EB-BB01-5C3160E083A4}"
EndProject
Project("{FAE04EC0-301F-11D3-BF4B-00C04F79EFBC}") = "Unity.TextMeshPro.Editor", "Unity.TextMeshPro.Editor.csproj", "{AB010756-D918-EA42-906F-0FD15891EDA7}"
EndProject
Project("{FAE04EC0-301F-11D3-BF4B-00C04F79EFBC}") = "Unity.VisualScripting.Flow", "Unity.VisualScripting.Flow.csproj", "{A6503458-BC1A-FC3E-DE9F-320CB2945529}"
EndProject
Project("{FAE04EC0-301F-11D3-BF4B-00C04F79EFBC}") = "UnityEditor.UI", "UnityEditor.UI.csproj", "{067C016A-9BDF-7DCE-2E59-C851BCB7CD88}"
EndProject
Project("{FAE04EC0-301F-11D3-BF4B-00C04F79EFBC}") = "Unity.PlasticSCM.Editor", "Unity.PlasticSCM.Editor.csproj", "{D91B6A68-CC51-EEDF-EECD-A582294ED2E9}"
EndProject
Project("{FAE04EC0-301F-11D3-BF4B-00C04F79EFBC}") = "Unity.VisualScripting.Core", "Unity.VisualScripting.Core.csproj", "{F718E335-6AAA-C941-FFD7-657246BEB012}"
EndProject
Project("{FAE04EC0-301F-11D3-BF4B-00C04F79EFBC}") = "Dreamteck.Splines.Editor", "Dreamteck.Splines.Editor.csproj", "{B4EBD867-ECEB-BBFE-815C-44C700B2CD84}"
EndProject
Project("{FAE04EC0-301F-11D3-BF4B-00C04F79EFBC}") = "UniTask.Linq", "UniTask.Linq.csproj", "{59C9ABB3-0B4F-9AE0-624F-DB3E16703D7E}"
EndProject
Project("{FAE04EC0-301F-11D3-BF4B-00C04F79EFBC}") = "Assembly-CSharp", "Assembly-CSharp.csproj", "{32C3BDE6-E125-3128-82C1-25D0441455A3}"
EndProject
Project("{FAE04EC0-301F-11D3-BF4B-00C04F79EFBC}") = "Unity.VisualScripting.Core.Editor", "Unity.VisualScripting.Core.Editor.csproj", "{CFFA2412-CEE9-25F5-3A2B-B0C3D2F7DC7F}"
EndProject
Project("{FAE04EC0-301F-11D3-BF4B-00C04F79EFBC}") = "Unity.VisualScripting.Flow.Editor", "Unity.VisualScripting.Flow.Editor.csproj", "{DE63C7FA-80B8-DB7F-E94C-BA0E451813F2}"
EndProject
Project("{FAE04EC0-301F-11D3-BF4B-00C04F79EFBC}") = "UnityEditor.TestRunner", "UnityEditor.TestRunner.csproj", "{A3047590-38BB-CCB1-C01D-C771027F8920}"
EndProject
Project("{FAE04EC0-301F-11D3-BF4B-00C04F79EFBC}") = "UniTask", "UniTask.csproj", "{7D7354E4-C077-1E3D-D236-63F8D28E9DE8}"
EndProject
Project("{FAE04EC0-301F-11D3-BF4B-00C04F79EFBC}") = "Unity.VisualScripting.SettingsProvider.Editor", "Unity.VisualScripting.SettingsProvider.Editor.csproj", "{A5EC846E-BD95-6712-4F58-3A4ED63FFC9E}"
EndProject
Project("{FAE04EC0-301F-11D3-BF4B-00C04F79EFBC}") = "UnityEngine.TestRunner", "UnityEngine.TestRunner.csproj", "{01B1BFF9-F8EB-01DA-B770-0788E04F46BD}"
EndProject
Project("{FAE04EC0-301F-11D3-BF4B-00C04F79EFBC}") = "MaxSdk.Scripts", "MaxSdk.Scripts.csproj", "{153DD998-86FD-798D-32E0-348E644C414E}"
EndProject
Project("{FAE04EC0-301F-11D3-BF4B-00C04F79EFBC}") = "MoreMountains.NiceVibrations.Demos", "MoreMountains.NiceVibrations.Demos.csproj", "{E13449CE-1ECC-6F84-914F-52814D7E7048}"
EndProject
Project("{FAE04EC0-301F-11D3-BF4B-00C04F79EFBC}") = "UnityEngine.UI", "UnityEngine.UI.csproj", "{03AC2CA7-AF01-FE34-84B6-7CE92CF47147}"
EndProject
Project("{FAE04EC0-301F-11D3-BF4B-00C04F79EFBC}") = "Unity.AI.Navigation.Editor", "Unity.AI.Navigation.Editor.csproj", "{2CC0F6F4-C6D6-0A3E-1A6F-736E4EE6E32D}"
EndProject
Project("{FAE04EC0-301F-11D3-BF4B-00C04F79EFBC}") = "Unity.VisualStudio.Editor", "Unity.VisualStudio.Editor.csproj", "{A5250F35-1318-2544-DD4C-5C2FC4147C97}"
EndProject
Project("{FAE04EC0-301F-11D3-BF4B-00C04F79EFBC}") = "Dreamteck.Utilities", "Dreamteck.Utilities.csproj", "{FC01B12A-8EBA-0C10-0FD1-047969A935CF}"
EndProject
Project("{FAE04EC0-301F-11D3-BF4B-00C04F79EFBC}") = "Assembly-CSharp-Editor-firstpass", "Assembly-CSharp-Editor-firstpass.csproj", "{7F3A969F-4A57-9C7B-8B24-5476C852868F}"
EndProject
Project("{FAE04EC0-301F-11D3-BF4B-00C04F79EFBC}") = "spine-csharp", "spine-csharp.csproj", "{1C32FA93-3A28-A81E-87A4-11426E5CBBC2}"
EndProject
Project("{FAE04EC0-301F-11D3-BF4B-00C04F79EFBC}") = "Dreamteck.Utilities.Editor", "Dreamteck.Utilities.Editor.csproj", "{88C72746-DC7B-4096-CACA-094CB0821C86}"
EndProject
Project("{FAE04EC0-301F-11D3-BF4B-00C04F79EFBC}") = "Unity.Rider.Editor", "Unity.Rider.Editor.csproj", "{9B168589-3356-01B5-B9F7-335C1615CD9E}"
EndProject
Project("{FAE04EC0-301F-11D3-BF4B-00C04F79EFBC}") = "Unity.AI.Navigation", "Unity.AI.Navigation.csproj", "{F20BA68D-049C-89F1-F992-DFB92C503F68}"
EndProject
Project("{FAE04EC0-301F-11D3-BF4B-00C04F79EFBC}") = "AdjustSdk.Scripts", "AdjustSdk.Scripts.csproj", "{FCCB783B-8504-CFDA-9639-2A78BF1F19F5}"
EndProject
Project("{FAE04EC0-301F-11D3-BF4B-00C04F79EFBC}") = "Unity.AI.Navigation.Editor.ConversionSystem", "Unity.AI.Navigation.Editor.ConversionSystem.csproj", "{065C90A2-D456-4F70-D470-B042FA89EEEC}"
EndProject
Project("{FAE04EC0-301F-11D3-BF4B-00C04F79EFBC}") = "spine-unity", "spine-unity.csproj", "{63ECDD77-B2A9-ED25-E8E8-13D2D2F24151}"
EndProject
Project("{FAE04EC0-301F-11D3-BF4B-00C04F79EFBC}") = "Unity.VisualScripting.State.Editor", "Unity.VisualScripting.State.Editor.csproj", "{B8C7ABE1-DFF3-7E78-6DA7-9DF123FE4EC8}"
EndProject
Project("{FAE04EC0-301F-11D3-BF4B-00C04F79EFBC}") = "MoreMountains.NiceVibrations.Editor", "MoreMountains.NiceVibrations.Editor.csproj", "{86331586-35FA-3239-8B05-4F8300DB59A2}"
EndProject
Project("{FAE04EC0-301F-11D3-BF4B-00C04F79EFBC}") = "Unity.PlayerPrefsEditor.Editor", "Unity.PlayerPrefsEditor.Editor.csproj", "{A63F0EBA-4F0A-C915-69E6-8BFBB1BA5ADC}"
EndProject
Project("{FAE04EC0-301F-11D3-BF4B-00C04F79EFBC}") = "Unity.VisualScripting.State", "Unity.VisualScripting.State.csproj", "{D9EBFB72-5975-0825-D3CD-8D7E30A025A5}"
EndProject
Project("{FAE04EC0-301F-11D3-BF4B-00C04F79EFBC}") = "Unity.TextMeshPro", "Unity.TextMeshPro.csproj", "{3375ABF2-BCB5-BC3F-D583-0FE77C66C37C}"
EndProject
Project("{FAE04EC0-301F-11D3-BF4B-00C04F79EFBC}") = "MoreMountains.NiceVibrations.Haptics", "MoreMountains.NiceVibrations.Haptics.csproj", "{5E3BD76A-911D-5DE4-37F0-1280182B6EA2}"
EndProject
Project("{FAE04EC0-301F-11D3-BF4B-00C04F79EFBC}") = "Assembly-CSharp-firstpass", "Assembly-CSharp-firstpass.csproj", "{6A2F10FE-0898-9C1C-9897-D62F3A6958CF}"
EndProject
Project("{FAE04EC0-301F-11D3-BF4B-00C04F79EFBC}") = "MaxSdk.Scripts.IntegrationManager.Editor", "MaxSdk.Scripts.IntegrationManager.Editor.csproj", "{F3BE0F8C-D469-E1F7-FC7F-74242E871913}"
EndProject
Project("{FAE04EC0-301F-11D3-BF4B-00C04F79EFBC}") = "Unity.2D.Sprite.Editor", "Unity.2D.Sprite.Editor.csproj", "{653C9F53-694E-9034-FE26-2ED3B35375E8}"
EndProject
Project("{FAE04EC0-301F-11D3-BF4B-00C04F79EFBC}") = "Unity.AI.Navigation.Updater", "Unity.AI.Navigation.Updater.csproj", "{E5C22661-6945-3BD8-1617-666B8D54B536}"
EndProject
Project("{FAE04EC0-301F-11D3-BF4B-00C04F79EFBC}") = "UniTask.Addressables", "UniTask.Addressables.csproj", "{662814E8-39D8-FBF0-B05D-61CE1BC9EBE0}"
EndProject
Project("{FAE04EC0-301F-11D3-BF4B-00C04F79EFBC}") = "SimpleGDPRConsent.Runtime", "SimpleGDPRConsent.Runtime.csproj", "{68288143-6B1A-3912-974A-A8DFE9364E8F}"
EndProject
Project("{FAE04EC0-301F-11D3-BF4B-00C04F79EFBC}") = "Assembly-CSharp-Editor", "Assembly-CSharp-Editor.csproj", "{E8A91009-7186-A382-4FE4-3C21BA335F00}"
EndProject
Project("{FAE04EC0-301F-11D3-BF4B-00C04F79EFBC}") = "MoreMountains.NiceVibrations", "MoreMountains.NiceVibrations.csproj", "{BDC53351-33AC-A288-C0E2-2A4BA55C5819}"
EndProject
Project("{FAE04EC0-301F-11D3-BF4B-00C04F79EFBC}") = "GoogleMobileAds.Editor", "GoogleMobileAds.Editor.csproj", "{531DB18F-62E4-2C29-A302-B8556356DF04}"
EndProject
Project("{FAE04EC0-301F-11D3-BF4B-00C04F79EFBC}") = "UniTask.TextMeshPro", "UniTask.TextMeshPro.csproj", "{65B4D07C-C996-FD33-3417-E55B3C6DCD07}"
EndProject
Project("{FAE04EC0-301F-11D3-BF4B-00C04F79EFBC}") = "AdjustSdk.Editor", "AdjustSdk.Editor.csproj", "{3EA2496A-870D-1D03-7A71-A0D576CA936A}"
EndProject
Project("{FAE04EC0-301F-11D3-BF4B-00C04F79EFBC}") = "UniTask.DOTween", "UniTask.DOTween.csproj", "{D28A459C-EEA5-2F3B-51BC-BD5A91F5532E}"
EndProject
Project("{FAE04EC0-301F-11D3-BF4B-00C04F79EFBC}") = "Unity.VisualScripting.Shared.Editor", "Unity.VisualScripting.Shared.Editor.csproj", "{2CD0C4DC-9691-6470-4892-0F053FCEE9A0}"
EndProject
Project("{FAE04EC0-301F-11D3-BF4B-00C04F79EFBC}") = "Unity.PlayerPrefsEditor.Samples.SampleScene", "Unity.PlayerPrefsEditor.Samples.SampleScene.csproj", "{E7A65E01-A0FF-E8DA-3C53-484E0F0EB52E}"
EndProject
Project("{FAE04EC0-301F-11D3-BF4B-00C04F79EFBC}") = "Unity.CollabProxy.Editor", "Unity.CollabProxy.Editor.csproj", "{167C60AB-AB6D-7EED-BEB2-EFA64D7C53B6}"
EndProject
Project("{FAE04EC0-301F-11D3-BF4B-00C04F79EFBC}") = "UniTask.Editor", "UniTask.Editor.csproj", "{84A81D98-3769-2166-BA08-4F15E8E456E7}"
EndProject
Project("{FAE04EC0-301F-11D3-BF4B-00C04F79EFBC}") = "Unity.PlayerPrefsEditor.EditorResources", "Unity.PlayerPrefsEditor.EditorResources.csproj", "{D22C5F34-2FAD-2FA0-C54E-5DBA6AB2467E}"
EndProject
Project("{FAE04EC0-301F-11D3-BF4B-00C04F79EFBC}") = "Unity.Timeline", "Unity.Timeline.Player.csproj", "{AF1E7EDF-B1AC-9357-E8D2-99BCE54A8C87}"
EndProject
Project("{FAE04EC0-301F-11D3-BF4B-00C04F79EFBC}") = "Dreamteck.Splines", "Dreamteck.Splines.Player.csproj", "{00A5CF15-CF03-1709-E985-AD9632A0115C}"
EndProject
Project("{FAE04EC0-301F-11D3-BF4B-00C04F79EFBC}") = "Unity.VisualScripting.Flow", "Unity.VisualScripting.Flow.Player.csproj", "{8D2E1315-D815-73DF-8D52-03E0A25E1FDA}"
EndProject
Project("{FAE04EC0-301F-11D3-BF4B-00C04F79EFBC}") = "Unity.VisualScripting.Core", "Unity.VisualScripting.Core.Player.csproj", "{12171EDE-ACA2-69E1-E8C0-2802949DD181}"
EndProject
Project("{FAE04EC0-301F-11D3-BF4B-00C04F79EFBC}") = "UniTask.Linq", "UniTask.Linq.Player.csproj", "{00B89086-F9A8-2691-3D90-739AF62F632A}"
EndProject
Project("{FAE04EC0-301F-11D3-BF4B-00C04F79EFBC}") = "Assembly-CSharp", "Assembly-CSharp.Player.csproj", "{01581593-00CC-05E8-4BB5-DE9370206819}"
EndProject
Project("{FAE04EC0-301F-11D3-BF4B-00C04F79EFBC}") = "UniTask", "UniTask.Player.csproj", "{B0AD5E96-BBAE-450F-9924-CDAE0E70CFB2}"
EndProject
Project("{FAE04EC0-301F-11D3-BF4B-00C04F79EFBC}") = "UnityEngine.TestRunner", "UnityEngine.TestRunner.Player.csproj", "{8DCC4497-F8CC-283E-A391-57AFEC9F6136}"
EndProject
Project("{FAE04EC0-301F-11D3-BF4B-00C04F79EFBC}") = "MaxSdk.Scripts", "MaxSdk.Scripts.Player.csproj", "{D7994133-A43C-54ED-2E29-002D2EB30257}"
EndProject
Project("{FAE04EC0-301F-11D3-BF4B-00C04F79EFBC}") = "MoreMountains.NiceVibrations.Demos", "MoreMountains.NiceVibrations.Demos.Player.csproj", "{D38ABE58-C7C5-82B1-EAA9-C16C0DD47D2F}"
EndProject
Project("{FAE04EC0-301F-11D3-BF4B-00C04F79EFBC}") = "UnityEngine.UI", "UnityEngine.UI.Player.csproj", "{4175FC37-CA84-8EB6-BBC7-3A725EFBFEB2}"
EndProject
Project("{FAE04EC0-301F-11D3-BF4B-00C04F79EFBC}") = "Dreamteck.Utilities", "Dreamteck.Utilities.Player.csproj", "{5A5DD257-D196-8FA7-DCAD-F0D62EDA7CC0}"
EndProject
Project("{FAE04EC0-301F-11D3-BF4B-00C04F79EFBC}") = "spine-csharp", "spine-csharp.Player.csproj", "{EDD14CC4-E920-6E81-9AD9-F7B68E287C42}"
EndProject
Project("{FAE04EC0-301F-11D3-BF4B-00C04F79EFBC}") = "Unity.AI.Navigation", "Unity.AI.Navigation.Player.csproj", "{522282A4-ED08-03E9-3518-8A29051EDBBA}"
EndProject
Project("{FAE04EC0-301F-11D3-BF4B-00C04F79EFBC}") = "AdjustSdk.Scripts", "AdjustSdk.Scripts.Player.csproj", "{0E5BE9E0-716B-8E08-1555-96D4F455A1A0}"
EndProject
Project("{FAE04EC0-301F-11D3-BF4B-00C04F79EFBC}") = "spine-unity", "spine-unity.Player.csproj", "{425822D2-FD82-BB98-D3DB-B55C0BEC4B5E}"
EndProject
Project("{FAE04EC0-301F-11D3-BF4B-00C04F79EFBC}") = "Unity.VisualScripting.State", "Unity.VisualScripting.State.Player.csproj", "{FA8A971C-ECD9-100B-C7AD-1DAA22A81D4D}"
EndProject
Project("{FAE04EC0-301F-11D3-BF4B-00C04F79EFBC}") = "Unity.TextMeshPro", "Unity.TextMeshPro.Player.csproj", "{AAC37154-B4C3-415A-650E-0078602C0FA1}"
EndProject
Project("{FAE04EC0-301F-11D3-BF4B-00C04F79EFBC}") = "MoreMountains.NiceVibrations.Haptics", "MoreMountains.NiceVibrations.Haptics.Player.csproj", "{6857FB03-66DE-AEEC-5053-4C051916DB30}"
EndProject
Project("{FAE04EC0-301F-11D3-BF4B-00C04F79EFBC}") = "Assembly-CSharp-firstpass", "Assembly-CSharp-firstpass.Player.csproj", "{BC6B1D3E-9ECD-A257-F785-339748FDAF4F}"
EndProject
Project("{FAE04EC0-301F-11D3-BF4B-00C04F79EFBC}") = "UniTask.Addressables", "UniTask.Addressables.Player.csproj", "{D52E5D0C-D39B-FA19-3421-B1E17C629EB3}"
EndProject
Project("{FAE04EC0-301F-11D3-BF4B-00C04F79EFBC}") = "SimpleGDPRConsent.Runtime", "SimpleGDPRConsent.Runtime.Player.csproj", "{C480B73F-203D-A9B3-31A0-6E57209EB973}"
EndProject
Project("{FAE04EC0-301F-11D3-BF4B-00C04F79EFBC}") = "MoreMountains.NiceVibrations", "MoreMountains.NiceVibrations.Player.csproj", "{D9A7B44D-C36D-9829-FFEB-D701D5887DC8}"
EndProject
Project("{FAE04EC0-301F-11D3-BF4B-00C04F79EFBC}") = "UniTask.TextMeshPro", "UniTask.TextMeshPro.Player.csproj", "{4BE0BD2B-8634-9E6F-18A0-C2900EACDA29}"
EndProject
Project("{FAE04EC0-301F-11D3-BF4B-00C04F79EFBC}") = "UniTask.DOTween", "UniTask.DOTween.Player.csproj", "{81279F33-7935-0A15-A3CA-5E88EAE0E79E}"
EndProject
Project("{FAE04EC0-301F-11D3-BF4B-00C04F79EFBC}") = "Unity.PlayerPrefsEditor.Samples.SampleScene", "Unity.PlayerPrefsEditor.Samples.SampleScene.Player.csproj", "{273DC28D-9B30-0392-3820-E6E8C3A76871}"
EndProject
Global
	GlobalSection(SolutionConfigurationPlatforms) = preSolution
		Debug|Any CPU = Debug|Any CPU
		Release|Any CPU = Release|Any CPU
	EndGlobalSection
	GlobalSection(ProjectConfigurationPlatforms) = postSolution
		{F125F787-6F29-6D37-20C2-E8AF068221A4}.Debug|Any CPU.ActiveCfg = Debug|Any CPU
		{F125F787-6F29-6D37-20C2-E8AF068221A4}.Debug|Any CPU.Build.0 = Debug|Any CPU
		{F125F787-6F29-6D37-20C2-E8AF068221A4}.Release|Any CPU.ActiveCfg = Release|Any CPU
		{F125F787-6F29-6D37-20C2-E8AF068221A4}.Release|Any CPU.Build.0 = Release|Any CPU
		{AA71CFAB-420E-E867-0666-4F0F82B56279}.Debug|Any CPU.ActiveCfg = Debug|Any CPU
		{AA71CFAB-420E-E867-0666-4F0F82B56279}.Debug|Any CPU.Build.0 = Debug|Any CPU
		{AA71CFAB-420E-E867-0666-4F0F82B56279}.Release|Any CPU.ActiveCfg = Release|Any CPU
		{AA71CFAB-420E-E867-0666-4F0F82B56279}.Release|Any CPU.Build.0 = Release|Any CPU
		{0C7B0C10-A0E4-BE4F-70A4-361891A23E6E}.Debug|Any CPU.ActiveCfg = Debug|Any CPU
		{0C7B0C10-A0E4-BE4F-70A4-361891A23E6E}.Debug|Any CPU.Build.0 = Debug|Any CPU
		{0C7B0C10-A0E4-BE4F-70A4-361891A23E6E}.Release|Any CPU.ActiveCfg = Release|Any CPU
		{0C7B0C10-A0E4-BE4F-70A4-361891A23E6E}.Release|Any CPU.Build.0 = Release|Any CPU
		{9DC54C43-50D1-95EB-BB01-5C3160E083A4}.Debug|Any CPU.ActiveCfg = Debug|Any CPU
		{9DC54C43-50D1-95EB-BB01-5C3160E083A4}.Debug|Any CPU.Build.0 = Debug|Any CPU
		{9DC54C43-50D1-95EB-BB01-5C3160E083A4}.Release|Any CPU.ActiveCfg = Release|Any CPU
		{9DC54C43-50D1-95EB-BB01-5C3160E083A4}.Release|Any CPU.Build.0 = Release|Any CPU
		{AB010756-D918-EA42-906F-0FD15891EDA7}.Debug|Any CPU.ActiveCfg = Debug|Any CPU
		{AB010756-D918-EA42-906F-0FD15891EDA7}.Debug|Any CPU.Build.0 = Debug|Any CPU
		{AB010756-D918-EA42-906F-0FD15891EDA7}.Release|Any CPU.ActiveCfg = Release|Any CPU
		{AB010756-D918-EA42-906F-0FD15891EDA7}.Release|Any CPU.Build.0 = Release|Any CPU
		{A6503458-BC1A-FC3E-DE9F-320CB2945529}.Debug|Any CPU.ActiveCfg = Debug|Any CPU
		{A6503458-BC1A-FC3E-DE9F-320CB2945529}.Debug|Any CPU.Build.0 = Debug|Any CPU
		{A6503458-BC1A-FC3E-DE9F-320CB2945529}.Release|Any CPU.ActiveCfg = Release|Any CPU
		{A6503458-BC1A-FC3E-DE9F-320CB2945529}.Release|Any CPU.Build.0 = Release|Any CPU
		{067C016A-9BDF-7DCE-2E59-C851BCB7CD88}.Debug|Any CPU.ActiveCfg = Debug|Any CPU
		{067C016A-9BDF-7DCE-2E59-C851BCB7CD88}.Debug|Any CPU.Build.0 = Debug|Any CPU
		{067C016A-9BDF-7DCE-2E59-C851BCB7CD88}.Release|Any CPU.ActiveCfg = Release|Any CPU
		{067C016A-9BDF-7DCE-2E59-C851BCB7CD88}.Release|Any CPU.Build.0 = Release|Any CPU
		{D91B6A68-CC51-EEDF-EECD-A582294ED2E9}.Debug|Any CPU.ActiveCfg = Debug|Any CPU
		{D91B6A68-CC51-EEDF-EECD-A582294ED2E9}.Debug|Any CPU.Build.0 = Debug|Any CPU
		{D91B6A68-CC51-EEDF-EECD-A582294ED2E9}.Release|Any CPU.ActiveCfg = Release|Any CPU
		{D91B6A68-CC51-EEDF-EECD-A582294ED2E9}.Release|Any CPU.Build.0 = Release|Any CPU
		{F718E335-6AAA-C941-FFD7-657246BEB012}.Debug|Any CPU.ActiveCfg = Debug|Any CPU
		{F718E335-6AAA-C941-FFD7-657246BEB012}.Debug|Any CPU.Build.0 = Debug|Any CPU
		{F718E335-6AAA-C941-FFD7-657246BEB012}.Release|Any CPU.ActiveCfg = Release|Any CPU
		{F718E335-6AAA-C941-FFD7-657246BEB012}.Release|Any CPU.Build.0 = Release|Any CPU
		{B4EBD867-ECEB-BBFE-815C-44C700B2CD84}.Debug|Any CPU.ActiveCfg = Debug|Any CPU
		{B4EBD867-ECEB-BBFE-815C-44C700B2CD84}.Debug|Any CPU.Build.0 = Debug|Any CPU
		{B4EBD867-ECEB-BBFE-815C-44C700B2CD84}.Release|Any CPU.ActiveCfg = Release|Any CPU
		{B4EBD867-ECEB-BBFE-815C-44C700B2CD84}.Release|Any CPU.Build.0 = Release|Any CPU
		{59C9ABB3-0B4F-9AE0-624F-DB3E16703D7E}.Debug|Any CPU.ActiveCfg = Debug|Any CPU
		{59C9ABB3-0B4F-9AE0-624F-DB3E16703D7E}.Debug|Any CPU.Build.0 = Debug|Any CPU
		{59C9ABB3-0B4F-9AE0-624F-DB3E16703D7E}.Release|Any CPU.ActiveCfg = Release|Any CPU
		{59C9ABB3-0B4F-9AE0-624F-DB3E16703D7E}.Release|Any CPU.Build.0 = Release|Any CPU
		{32C3BDE6-E125-3128-82C1-25D0441455A3}.Debug|Any CPU.ActiveCfg = Debug|Any CPU
		{32C3BDE6-E125-3128-82C1-25D0441455A3}.Debug|Any CPU.Build.0 = Debug|Any CPU
		{32C3BDE6-E125-3128-82C1-25D0441455A3}.Release|Any CPU.ActiveCfg = Release|Any CPU
		{32C3BDE6-E125-3128-82C1-25D0441455A3}.Release|Any CPU.Build.0 = Release|Any CPU
		{CFFA2412-CEE9-25F5-3A2B-B0C3D2F7DC7F}.Debug|Any CPU.ActiveCfg = Debug|Any CPU
		{CFFA2412-CEE9-25F5-3A2B-B0C3D2F7DC7F}.Debug|Any CPU.Build.0 = Debug|Any CPU
		{CFFA2412-CEE9-25F5-3A2B-B0C3D2F7DC7F}.Release|Any CPU.ActiveCfg = Release|Any CPU
		{CFFA2412-CEE9-25F5-3A2B-B0C3D2F7DC7F}.Release|Any CPU.Build.0 = Release|Any CPU
		{DE63C7FA-80B8-DB7F-E94C-BA0E451813F2}.Debug|Any CPU.ActiveCfg = Debug|Any CPU
		{DE63C7FA-80B8-DB7F-E94C-BA0E451813F2}.Debug|Any CPU.Build.0 = Debug|Any CPU
		{DE63C7FA-80B8-DB7F-E94C-BA0E451813F2}.Release|Any CPU.ActiveCfg = Release|Any CPU
		{DE63C7FA-80B8-DB7F-E94C-BA0E451813F2}.Release|Any CPU.Build.0 = Release|Any CPU
		{A3047590-38BB-CCB1-C01D-C771027F8920}.Debug|Any CPU.ActiveCfg = Debug|Any CPU
		{A3047590-38BB-CCB1-C01D-C771027F8920}.Debug|Any CPU.Build.0 = Debug|Any CPU
		{A3047590-38BB-CCB1-C01D-C771027F8920}.Release|Any CPU.ActiveCfg = Release|Any CPU
		{A3047590-38BB-CCB1-C01D-C771027F8920}.Release|Any CPU.Build.0 = Release|Any CPU
		{7D7354E4-C077-1E3D-D236-63F8D28E9DE8}.Debug|Any CPU.ActiveCfg = Debug|Any CPU
		{7D7354E4-C077-1E3D-D236-63F8D28E9DE8}.Debug|Any CPU.Build.0 = Debug|Any CPU
		{7D7354E4-C077-1E3D-D236-63F8D28E9DE8}.Release|Any CPU.ActiveCfg = Release|Any CPU
		{7D7354E4-C077-1E3D-D236-63F8D28E9DE8}.Release|Any CPU.Build.0 = Release|Any CPU
		{A5EC846E-BD95-6712-4F58-3A4ED63FFC9E}.Debug|Any CPU.ActiveCfg = Debug|Any CPU
		{A5EC846E-BD95-6712-4F58-3A4ED63FFC9E}.Debug|Any CPU.Build.0 = Debug|Any CPU
		{A5EC846E-BD95-6712-4F58-3A4ED63FFC9E}.Release|Any CPU.ActiveCfg = Release|Any CPU
		{A5EC846E-BD95-6712-4F58-3A4ED63FFC9E}.Release|Any CPU.Build.0 = Release|Any CPU
		{01B1BFF9-F8EB-01DA-B770-0788E04F46BD}.Debug|Any CPU.ActiveCfg = Debug|Any CPU
		{01B1BFF9-F8EB-01DA-B770-0788E04F46BD}.Debug|Any CPU.Build.0 = Debug|Any CPU
		{01B1BFF9-F8EB-01DA-B770-0788E04F46BD}.Release|Any CPU.ActiveCfg = Release|Any CPU
		{01B1BFF9-F8EB-01DA-B770-0788E04F46BD}.Release|Any CPU.Build.0 = Release|Any CPU
		{153DD998-86FD-798D-32E0-348E644C414E}.Debug|Any CPU.ActiveCfg = Debug|Any CPU
		{153DD998-86FD-798D-32E0-348E644C414E}.Debug|Any CPU.Build.0 = Debug|Any CPU
		{153DD998-86FD-798D-32E0-348E644C414E}.Release|Any CPU.ActiveCfg = Release|Any CPU
		{153DD998-86FD-798D-32E0-348E644C414E}.Release|Any CPU.Build.0 = Release|Any CPU
		{E13449CE-1ECC-6F84-914F-52814D7E7048}.Debug|Any CPU.ActiveCfg = Debug|Any CPU
		{E13449CE-1ECC-6F84-914F-52814D7E7048}.Debug|Any CPU.Build.0 = Debug|Any CPU
		{E13449CE-1ECC-6F84-914F-52814D7E7048}.Release|Any CPU.ActiveCfg = Release|Any CPU
		{E13449CE-1ECC-6F84-914F-52814D7E7048}.Release|Any CPU.Build.0 = Release|Any CPU
		{03AC2CA7-AF01-FE34-84B6-7CE92CF47147}.Debug|Any CPU.ActiveCfg = Debug|Any CPU
		{03AC2CA7-AF01-FE34-84B6-7CE92CF47147}.Debug|Any CPU.Build.0 = Debug|Any CPU
		{03AC2CA7-AF01-FE34-84B6-7CE92CF47147}.Release|Any CPU.ActiveCfg = Release|Any CPU
		{03AC2CA7-AF01-FE34-84B6-7CE92CF47147}.Release|Any CPU.Build.0 = Release|Any CPU
		{2CC0F6F4-C6D6-0A3E-1A6F-736E4EE6E32D}.Debug|Any CPU.ActiveCfg = Debug|Any CPU
		{2CC0F6F4-C6D6-0A3E-1A6F-736E4EE6E32D}.Debug|Any CPU.Build.0 = Debug|Any CPU
		{2CC0F6F4-C6D6-0A3E-1A6F-736E4EE6E32D}.Release|Any CPU.ActiveCfg = Release|Any CPU
		{2CC0F6F4-C6D6-0A3E-1A6F-736E4EE6E32D}.Release|Any CPU.Build.0 = Release|Any CPU
		{A5250F35-1318-2544-DD4C-5C2FC4147C97}.Debug|Any CPU.ActiveCfg = Debug|Any CPU
		{A5250F35-1318-2544-DD4C-5C2FC4147C97}.Debug|Any CPU.Build.0 = Debug|Any CPU
		{A5250F35-1318-2544-DD4C-5C2FC4147C97}.Release|Any CPU.ActiveCfg = Release|Any CPU
		{A5250F35-1318-2544-DD4C-5C2FC4147C97}.Release|Any CPU.Build.0 = Release|Any CPU
		{FC01B12A-8EBA-0C10-0FD1-047969A935CF}.Debug|Any CPU.ActiveCfg = Debug|Any CPU
		{FC01B12A-8EBA-0C10-0FD1-047969A935CF}.Debug|Any CPU.Build.0 = Debug|Any CPU
		{FC01B12A-8EBA-0C10-0FD1-047969A935CF}.Release|Any CPU.ActiveCfg = Release|Any CPU
		{FC01B12A-8EBA-0C10-0FD1-047969A935CF}.Release|Any CPU.Build.0 = Release|Any CPU
		{7F3A969F-4A57-9C7B-8B24-5476C852868F}.Debug|Any CPU.ActiveCfg = Debug|Any CPU
		{7F3A969F-4A57-9C7B-8B24-5476C852868F}.Debug|Any CPU.Build.0 = Debug|Any CPU
		{7F3A969F-4A57-9C7B-8B24-5476C852868F}.Release|Any CPU.ActiveCfg = Release|Any CPU
		{7F3A969F-4A57-9C7B-8B24-5476C852868F}.Release|Any CPU.Build.0 = Release|Any CPU
		{1C32FA93-3A28-A81E-87A4-11426E5CBBC2}.Debug|Any CPU.ActiveCfg = Debug|Any CPU
		{1C32FA93-3A28-A81E-87A4-11426E5CBBC2}.Debug|Any CPU.Build.0 = Debug|Any CPU
		{1C32FA93-3A28-A81E-87A4-11426E5CBBC2}.Release|Any CPU.ActiveCfg = Release|Any CPU
		{1C32FA93-3A28-A81E-87A4-11426E5CBBC2}.Release|Any CPU.Build.0 = Release|Any CPU
		{88C72746-DC7B-4096-CACA-094CB0821C86}.Debug|Any CPU.ActiveCfg = Debug|Any CPU
		{88C72746-DC7B-4096-CACA-094CB0821C86}.Debug|Any CPU.Build.0 = Debug|Any CPU
		{88C72746-DC7B-4096-CACA-094CB0821C86}.Release|Any CPU.ActiveCfg = Release|Any CPU
		{88C72746-DC7B-4096-CACA-094CB0821C86}.Release|Any CPU.Build.0 = Release|Any CPU
		{9B168589-3356-01B5-B9F7-335C1615CD9E}.Debug|Any CPU.ActiveCfg = Debug|Any CPU
		{9B168589-3356-01B5-B9F7-335C1615CD9E}.Debug|Any CPU.Build.0 = Debug|Any CPU
		{9B168589-3356-01B5-B9F7-335C1615CD9E}.Release|Any CPU.ActiveCfg = Release|Any CPU
		{9B168589-3356-01B5-B9F7-335C1615CD9E}.Release|Any CPU.Build.0 = Release|Any CPU
		{F20BA68D-049C-89F1-F992-DFB92C503F68}.Debug|Any CPU.ActiveCfg = Debug|Any CPU
		{F20BA68D-049C-89F1-F992-DFB92C503F68}.Debug|Any CPU.Build.0 = Debug|Any CPU
		{F20BA68D-049C-89F1-F992-DFB92C503F68}.Release|Any CPU.ActiveCfg = Release|Any CPU
		{F20BA68D-049C-89F1-F992-DFB92C503F68}.Release|Any CPU.Build.0 = Release|Any CPU
		{FCCB783B-8504-CFDA-9639-2A78BF1F19F5}.Debug|Any CPU.ActiveCfg = Debug|Any CPU
		{FCCB783B-8504-CFDA-9639-2A78BF1F19F5}.Debug|Any CPU.Build.0 = Debug|Any CPU
		{FCCB783B-8504-CFDA-9639-2A78BF1F19F5}.Release|Any CPU.ActiveCfg = Release|Any CPU
		{FCCB783B-8504-CFDA-9639-2A78BF1F19F5}.Release|Any CPU.Build.0 = Release|Any CPU
		{065C90A2-D456-4F70-D470-B042FA89EEEC}.Debug|Any CPU.ActiveCfg = Debug|Any CPU
		{065C90A2-D456-4F70-D470-B042FA89EEEC}.Debug|Any CPU.Build.0 = Debug|Any CPU
		{065C90A2-D456-4F70-D470-B042FA89EEEC}.Release|Any CPU.ActiveCfg = Release|Any CPU
		{065C90A2-D456-4F70-D470-B042FA89EEEC}.Release|Any CPU.Build.0 = Release|Any CPU
		{63ECDD77-B2A9-ED25-E8E8-13D2D2F24151}.Debug|Any CPU.ActiveCfg = Debug|Any CPU
		{63ECDD77-B2A9-ED25-E8E8-13D2D2F24151}.Debug|Any CPU.Build.0 = Debug|Any CPU
		{63ECDD77-B2A9-ED25-E8E8-13D2D2F24151}.Release|Any CPU.ActiveCfg = Release|Any CPU
		{63ECDD77-B2A9-ED25-E8E8-13D2D2F24151}.Release|Any CPU.Build.0 = Release|Any CPU
		{B8C7ABE1-DFF3-7E78-6DA7-9DF123FE4EC8}.Debug|Any CPU.ActiveCfg = Debug|Any CPU
		{B8C7ABE1-DFF3-7E78-6DA7-9DF123FE4EC8}.Debug|Any CPU.Build.0 = Debug|Any CPU
		{B8C7ABE1-DFF3-7E78-6DA7-9DF123FE4EC8}.Release|Any CPU.ActiveCfg = Release|Any CPU
		{B8C7ABE1-DFF3-7E78-6DA7-9DF123FE4EC8}.Release|Any CPU.Build.0 = Release|Any CPU
		{86331586-35FA-3239-8B05-4F8300DB59A2}.Debug|Any CPU.ActiveCfg = Debug|Any CPU
		{86331586-35FA-3239-8B05-4F8300DB59A2}.Debug|Any CPU.Build.0 = Debug|Any CPU
		{86331586-35FA-3239-8B05-4F8300DB59A2}.Release|Any CPU.ActiveCfg = Release|Any CPU
		{86331586-35FA-3239-8B05-4F8300DB59A2}.Release|Any CPU.Build.0 = Release|Any CPU
		{A63F0EBA-4F0A-C915-69E6-8BFBB1BA5ADC}.Debug|Any CPU.ActiveCfg = Debug|Any CPU
		{A63F0EBA-4F0A-C915-69E6-8BFBB1BA5ADC}.Debug|Any CPU.Build.0 = Debug|Any CPU
		{A63F0EBA-4F0A-C915-69E6-8BFBB1BA5ADC}.Release|Any CPU.ActiveCfg = Release|Any CPU
		{A63F0EBA-4F0A-C915-69E6-8BFBB1BA5ADC}.Release|Any CPU.Build.0 = Release|Any CPU
		{D9EBFB72-5975-0825-D3CD-8D7E30A025A5}.Debug|Any CPU.ActiveCfg = Debug|Any CPU
		{D9EBFB72-5975-0825-D3CD-8D7E30A025A5}.Debug|Any CPU.Build.0 = Debug|Any CPU
		{D9EBFB72-5975-0825-D3CD-8D7E30A025A5}.Release|Any CPU.ActiveCfg = Release|Any CPU
		{D9EBFB72-5975-0825-D3CD-8D7E30A025A5}.Release|Any CPU.Build.0 = Release|Any CPU
		{3375ABF2-BCB5-BC3F-D583-0FE77C66C37C}.Debug|Any CPU.ActiveCfg = Debug|Any CPU
		{3375ABF2-BCB5-BC3F-D583-0FE77C66C37C}.Debug|Any CPU.Build.0 = Debug|Any CPU
		{3375ABF2-BCB5-BC3F-D583-0FE77C66C37C}.Release|Any CPU.ActiveCfg = Release|Any CPU
		{3375ABF2-BCB5-BC3F-D583-0FE77C66C37C}.Release|Any CPU.Build.0 = Release|Any CPU
		{5E3BD76A-911D-5DE4-37F0-1280182B6EA2}.Debug|Any CPU.ActiveCfg = Debug|Any CPU
		{5E3BD76A-911D-5DE4-37F0-1280182B6EA2}.Debug|Any CPU.Build.0 = Debug|Any CPU
		{5E3BD76A-911D-5DE4-37F0-1280182B6EA2}.Release|Any CPU.ActiveCfg = Release|Any CPU
		{5E3BD76A-911D-5DE4-37F0-1280182B6EA2}.Release|Any CPU.Build.0 = Release|Any CPU
		{6A2F10FE-0898-9C1C-9897-D62F3A6958CF}.Debug|Any CPU.ActiveCfg = Debug|Any CPU
		{6A2F10FE-0898-9C1C-9897-D62F3A6958CF}.Debug|Any CPU.Build.0 = Debug|Any CPU
		{6A2F10FE-0898-9C1C-9897-D62F3A6958CF}.Release|Any CPU.ActiveCfg = Release|Any CPU
		{6A2F10FE-0898-9C1C-9897-D62F3A6958CF}.Release|Any CPU.Build.0 = Release|Any CPU
		{F3BE0F8C-D469-E1F7-FC7F-74242E871913}.Debug|Any CPU.ActiveCfg = Debug|Any CPU
		{F3BE0F8C-D469-E1F7-FC7F-74242E871913}.Debug|Any CPU.Build.0 = Debug|Any CPU
		{F3BE0F8C-D469-E1F7-FC7F-74242E871913}.Release|Any CPU.ActiveCfg = Release|Any CPU
		{F3BE0F8C-D469-E1F7-FC7F-74242E871913}.Release|Any CPU.Build.0 = Release|Any CPU
		{653C9F53-694E-9034-FE26-2ED3B35375E8}.Debug|Any CPU.ActiveCfg = Debug|Any CPU
		{653C9F53-694E-9034-FE26-2ED3B35375E8}.Debug|Any CPU.Build.0 = Debug|Any CPU
		{653C9F53-694E-9034-FE26-2ED3B35375E8}.Release|Any CPU.ActiveCfg = Release|Any CPU
		{653C9F53-694E-9034-FE26-2ED3B35375E8}.Release|Any CPU.Build.0 = Release|Any CPU
		{E5C22661-6945-3BD8-1617-666B8D54B536}.Debug|Any CPU.ActiveCfg = Debug|Any CPU
		{E5C22661-6945-3BD8-1617-666B8D54B536}.Debug|Any CPU.Build.0 = Debug|Any CPU
		{E5C22661-6945-3BD8-1617-666B8D54B536}.Release|Any CPU.ActiveCfg = Release|Any CPU
		{E5C22661-6945-3BD8-1617-666B8D54B536}.Release|Any CPU.Build.0 = Release|Any CPU
		{662814E8-39D8-FBF0-B05D-61CE1BC9EBE0}.Debug|Any CPU.ActiveCfg = Debug|Any CPU
		{662814E8-39D8-FBF0-B05D-61CE1BC9EBE0}.Debug|Any CPU.Build.0 = Debug|Any CPU
		{662814E8-39D8-FBF0-B05D-61CE1BC9EBE0}.Release|Any CPU.ActiveCfg = Release|Any CPU
		{662814E8-39D8-FBF0-B05D-61CE1BC9EBE0}.Release|Any CPU.Build.0 = Release|Any CPU
		{68288143-6B1A-3912-974A-A8DFE9364E8F}.Debug|Any CPU.ActiveCfg = Debug|Any CPU
		{68288143-6B1A-3912-974A-A8DFE9364E8F}.Debug|Any CPU.Build.0 = Debug|Any CPU
		{68288143-6B1A-3912-974A-A8DFE9364E8F}.Release|Any CPU.ActiveCfg = Release|Any CPU
		{68288143-6B1A-3912-974A-A8DFE9364E8F}.Release|Any CPU.Build.0 = Release|Any CPU
		{E8A91009-7186-A382-4FE4-3C21BA335F00}.Debug|Any CPU.ActiveCfg = Debug|Any CPU
		{E8A91009-7186-A382-4FE4-3C21BA335F00}.Debug|Any CPU.Build.0 = Debug|Any CPU
		{E8A91009-7186-A382-4FE4-3C21BA335F00}.Release|Any CPU.ActiveCfg = Release|Any CPU
		{E8A91009-7186-A382-4FE4-3C21BA335F00}.Release|Any CPU.Build.0 = Release|Any CPU
		{BDC53351-33AC-A288-C0E2-2A4BA55C5819}.Debug|Any CPU.ActiveCfg = Debug|Any CPU
		{BDC53351-33AC-A288-C0E2-2A4BA55C5819}.Debug|Any CPU.Build.0 = Debug|Any CPU
		{BDC53351-33AC-A288-C0E2-2A4BA55C5819}.Release|Any CPU.ActiveCfg = Release|Any CPU
		{BDC53351-33AC-A288-C0E2-2A4BA55C5819}.Release|Any CPU.Build.0 = Release|Any CPU
		{531DB18F-62E4-2C29-A302-B8556356DF04}.Debug|Any CPU.ActiveCfg = Debug|Any CPU
		{531DB18F-62E4-2C29-A302-B8556356DF04}.Debug|Any CPU.Build.0 = Debug|Any CPU
		{531DB18F-62E4-2C29-A302-B8556356DF04}.Release|Any CPU.ActiveCfg = Release|Any CPU
		{531DB18F-62E4-2C29-A302-B8556356DF04}.Release|Any CPU.Build.0 = Release|Any CPU
		{65B4D07C-C996-FD33-3417-E55B3C6DCD07}.Debug|Any CPU.ActiveCfg = Debug|Any CPU
		{65B4D07C-C996-FD33-3417-E55B3C6DCD07}.Debug|Any CPU.Build.0 = Debug|Any CPU
		{65B4D07C-C996-FD33-3417-E55B3C6DCD07}.Release|Any CPU.ActiveCfg = Release|Any CPU
		{65B4D07C-C996-FD33-3417-E55B3C6DCD07}.Release|Any CPU.Build.0 = Release|Any CPU
		{3EA2496A-870D-1D03-7A71-A0D576CA936A}.Debug|Any CPU.ActiveCfg = Debug|Any CPU
		{3EA2496A-870D-1D03-7A71-A0D576CA936A}.Debug|Any CPU.Build.0 = Debug|Any CPU
		{3EA2496A-870D-1D03-7A71-A0D576CA936A}.Release|Any CPU.ActiveCfg = Release|Any CPU
		{3EA2496A-870D-1D03-7A71-A0D576CA936A}.Release|Any CPU.Build.0 = Release|Any CPU
		{D28A459C-EEA5-2F3B-51BC-BD5A91F5532E}.Debug|Any CPU.ActiveCfg = Debug|Any CPU
		{D28A459C-EEA5-2F3B-51BC-BD5A91F5532E}.Debug|Any CPU.Build.0 = Debug|Any CPU
		{D28A459C-EEA5-2F3B-51BC-BD5A91F5532E}.Release|Any CPU.ActiveCfg = Release|Any CPU
		{D28A459C-EEA5-2F3B-51BC-BD5A91F5532E}.Release|Any CPU.Build.0 = Release|Any CPU
		{2CD0C4DC-9691-6470-4892-0F053FCEE9A0}.Debug|Any CPU.ActiveCfg = Debug|Any CPU
		{2CD0C4DC-9691-6470-4892-0F053FCEE9A0}.Debug|Any CPU.Build.0 = Debug|Any CPU
		{2CD0C4DC-9691-6470-4892-0F053FCEE9A0}.Release|Any CPU.ActiveCfg = Release|Any CPU
		{2CD0C4DC-9691-6470-4892-0F053FCEE9A0}.Release|Any CPU.Build.0 = Release|Any CPU
		{E7A65E01-A0FF-E8DA-3C53-484E0F0EB52E}.Debug|Any CPU.ActiveCfg = Debug|Any CPU
		{E7A65E01-A0FF-E8DA-3C53-484E0F0EB52E}.Debug|Any CPU.Build.0 = Debug|Any CPU
		{E7A65E01-A0FF-E8DA-3C53-484E0F0EB52E}.Release|Any CPU.ActiveCfg = Release|Any CPU
		{E7A65E01-A0FF-E8DA-3C53-484E0F0EB52E}.Release|Any CPU.Build.0 = Release|Any CPU
		{167C60AB-AB6D-7EED-BEB2-EFA64D7C53B6}.Debug|Any CPU.ActiveCfg = Debug|Any CPU
		{167C60AB-AB6D-7EED-BEB2-EFA64D7C53B6}.Debug|Any CPU.Build.0 = Debug|Any CPU
		{167C60AB-AB6D-7EED-BEB2-EFA64D7C53B6}.Release|Any CPU.ActiveCfg = Release|Any CPU
		{167C60AB-AB6D-7EED-BEB2-EFA64D7C53B6}.Release|Any CPU.Build.0 = Release|Any CPU
		{84A81D98-3769-2166-BA08-4F15E8E456E7}.Debug|Any CPU.ActiveCfg = Debug|Any CPU
		{84A81D98-3769-2166-BA08-4F15E8E456E7}.Debug|Any CPU.Build.0 = Debug|Any CPU
		{84A81D98-3769-2166-BA08-4F15E8E456E7}.Release|Any CPU.ActiveCfg = Release|Any CPU
		{84A81D98-3769-2166-BA08-4F15E8E456E7}.Release|Any CPU.Build.0 = Release|Any CPU
		{D22C5F34-2FAD-2FA0-C54E-5DBA6AB2467E}.Debug|Any CPU.ActiveCfg = Debug|Any CPU
		{D22C5F34-2FAD-2FA0-C54E-5DBA6AB2467E}.Debug|Any CPU.Build.0 = Debug|Any CPU
		{D22C5F34-2FAD-2FA0-C54E-5DBA6AB2467E}.Release|Any CPU.ActiveCfg = Release|Any CPU
		{D22C5F34-2FAD-2FA0-C54E-5DBA6AB2467E}.Release|Any CPU.Build.0 = Release|Any CPU
		{AF1E7EDF-B1AC-9357-E8D2-99BCE54A8C87}.Debug|Any CPU.ActiveCfg = Debug|Any CPU
		{AF1E7EDF-B1AC-9357-E8D2-99BCE54A8C87}.Debug|Any CPU.Build.0 = Debug|Any CPU
		{AF1E7EDF-B1AC-9357-E8D2-99BCE54A8C87}.Release|Any CPU.ActiveCfg = Release|Any CPU
		{AF1E7EDF-B1AC-9357-E8D2-99BCE54A8C87}.Release|Any CPU.Build.0 = Release|Any CPU
		{00A5CF15-CF03-1709-E985-AD9632A0115C}.Debug|Any CPU.ActiveCfg = Debug|Any CPU
		{00A5CF15-CF03-1709-E985-AD9632A0115C}.Debug|Any CPU.Build.0 = Debug|Any CPU
		{00A5CF15-CF03-1709-E985-AD9632A0115C}.Release|Any CPU.ActiveCfg = Release|Any CPU
		{00A5CF15-CF03-1709-E985-AD9632A0115C}.Release|Any CPU.Build.0 = Release|Any CPU
		{8D2E1315-D815-73DF-8D52-03E0A25E1FDA}.Debug|Any CPU.ActiveCfg = Debug|Any CPU
		{8D2E1315-D815-73DF-8D52-03E0A25E1FDA}.Debug|Any CPU.Build.0 = Debug|Any CPU
		{8D2E1315-D815-73DF-8D52-03E0A25E1FDA}.Release|Any CPU.ActiveCfg = Release|Any CPU
		{8D2E1315-D815-73DF-8D52-03E0A25E1FDA}.Release|Any CPU.Build.0 = Release|Any CPU
		{12171EDE-ACA2-69E1-E8C0-2802949DD181}.Debug|Any CPU.ActiveCfg = Debug|Any CPU
		{12171EDE-ACA2-69E1-E8C0-2802949DD181}.Debug|Any CPU.Build.0 = Debug|Any CPU
		{12171EDE-ACA2-69E1-E8C0-2802949DD181}.Release|Any CPU.ActiveCfg = Release|Any CPU
		{12171EDE-ACA2-69E1-E8C0-2802949DD181}.Release|Any CPU.Build.0 = Release|Any CPU
		{00B89086-F9A8-2691-3D90-739AF62F632A}.Debug|Any CPU.ActiveCfg = Debug|Any CPU
		{00B89086-F9A8-2691-3D90-739AF62F632A}.Debug|Any CPU.Build.0 = Debug|Any CPU
		{00B89086-F9A8-2691-3D90-739AF62F632A}.Release|Any CPU.ActiveCfg = Release|Any CPU
		{00B89086-F9A8-2691-3D90-739AF62F632A}.Release|Any CPU.Build.0 = Release|Any CPU
		{01581593-00CC-05E8-4BB5-DE9370206819}.Debug|Any CPU.ActiveCfg = Debug|Any CPU
		{01581593-00CC-05E8-4BB5-DE9370206819}.Debug|Any CPU.Build.0 = Debug|Any CPU
		{01581593-00CC-05E8-4BB5-DE9370206819}.Release|Any CPU.ActiveCfg = Release|Any CPU
		{01581593-00CC-05E8-4BB5-DE9370206819}.Release|Any CPU.Build.0 = Release|Any CPU
		{B0AD5E96-BBAE-450F-9924-CDAE0E70CFB2}.Debug|Any CPU.ActiveCfg = Debug|Any CPU
		{B0AD5E96-BBAE-450F-9924-CDAE0E70CFB2}.Debug|Any CPU.Build.0 = Debug|Any CPU
		{B0AD5E96-BBAE-450F-9924-CDAE0E70CFB2}.Release|Any CPU.ActiveCfg = Release|Any CPU
		{B0AD5E96-BBAE-450F-9924-CDAE0E70CFB2}.Release|Any CPU.Build.0 = Release|Any CPU
		{8DCC4497-F8CC-283E-A391-57AFEC9F6136}.Debug|Any CPU.ActiveCfg = Debug|Any CPU
		{8DCC4497-F8CC-283E-A391-57AFEC9F6136}.Debug|Any CPU.Build.0 = Debug|Any CPU
		{8DCC4497-F8CC-283E-A391-57AFEC9F6136}.Release|Any CPU.ActiveCfg = Release|Any CPU
		{8DCC4497-F8CC-283E-A391-57AFEC9F6136}.Release|Any CPU.Build.0 = Release|Any CPU
		{D7994133-A43C-54ED-2E29-002D2EB30257}.Debug|Any CPU.ActiveCfg = Debug|Any CPU
		{D7994133-A43C-54ED-2E29-002D2EB30257}.Debug|Any CPU.Build.0 = Debug|Any CPU
		{D7994133-A43C-54ED-2E29-002D2EB30257}.Release|Any CPU.ActiveCfg = Release|Any CPU
		{D7994133-A43C-54ED-2E29-002D2EB30257}.Release|Any CPU.Build.0 = Release|Any CPU
		{D38ABE58-C7C5-82B1-EAA9-C16C0DD47D2F}.Debug|Any CPU.ActiveCfg = Debug|Any CPU
		{D38ABE58-C7C5-82B1-EAA9-C16C0DD47D2F}.Debug|Any CPU.Build.0 = Debug|Any CPU
		{D38ABE58-C7C5-82B1-EAA9-C16C0DD47D2F}.Release|Any CPU.ActiveCfg = Release|Any CPU
		{D38ABE58-C7C5-82B1-EAA9-C16C0DD47D2F}.Release|Any CPU.Build.0 = Release|Any CPU
		{4175FC37-CA84-8EB6-BBC7-3A725EFBFEB2}.Debug|Any CPU.ActiveCfg = Debug|Any CPU
		{4175FC37-CA84-8EB6-BBC7-3A725EFBFEB2}.Debug|Any CPU.Build.0 = Debug|Any CPU
		{4175FC37-CA84-8EB6-BBC7-3A725EFBFEB2}.Release|Any CPU.ActiveCfg = Release|Any CPU
		{4175FC37-CA84-8EB6-BBC7-3A725EFBFEB2}.Release|Any CPU.Build.0 = Release|Any CPU
		{5A5DD257-D196-8FA7-DCAD-F0D62EDA7CC0}.Debug|Any CPU.ActiveCfg = Debug|Any CPU
		{5A5DD257-D196-8FA7-DCAD-F0D62EDA7CC0}.Debug|Any CPU.Build.0 = Debug|Any CPU
		{5A5DD257-D196-8FA7-DCAD-F0D62EDA7CC0}.Release|Any CPU.ActiveCfg = Release|Any CPU
		{5A5DD257-D196-8FA7-DCAD-F0D62EDA7CC0}.Release|Any CPU.Build.0 = Release|Any CPU
		{EDD14CC4-E920-6E81-9AD9-F7B68E287C42}.Debug|Any CPU.ActiveCfg = Debug|Any CPU
		{EDD14CC4-E920-6E81-9AD9-F7B68E287C42}.Debug|Any CPU.Build.0 = Debug|Any CPU
		{EDD14CC4-E920-6E81-9AD9-F7B68E287C42}.Release|Any CPU.ActiveCfg = Release|Any CPU
		{EDD14CC4-E920-6E81-9AD9-F7B68E287C42}.Release|Any CPU.Build.0 = Release|Any CPU
		{522282A4-ED08-03E9-3518-8A29051EDBBA}.Debug|Any CPU.ActiveCfg = Debug|Any CPU
		{522282A4-ED08-03E9-3518-8A29051EDBBA}.Debug|Any CPU.Build.0 = Debug|Any CPU
		{522282A4-ED08-03E9-3518-8A29051EDBBA}.Release|Any CPU.ActiveCfg = Release|Any CPU
		{522282A4-ED08-03E9-3518-8A29051EDBBA}.Release|Any CPU.Build.0 = Release|Any CPU
		{0E5BE9E0-716B-8E08-1555-96D4F455A1A0}.Debug|Any CPU.ActiveCfg = Debug|Any CPU
		{0E5BE9E0-716B-8E08-1555-96D4F455A1A0}.Debug|Any CPU.Build.0 = Debug|Any CPU
		{0E5BE9E0-716B-8E08-1555-96D4F455A1A0}.Release|Any CPU.ActiveCfg = Release|Any CPU
		{0E5BE9E0-716B-8E08-1555-96D4F455A1A0}.Release|Any CPU.Build.0 = Release|Any CPU
		{425822D2-FD82-BB98-D3DB-B55C0BEC4B5E}.Debug|Any CPU.ActiveCfg = Debug|Any CPU
		{425822D2-FD82-BB98-D3DB-B55C0BEC4B5E}.Debug|Any CPU.Build.0 = Debug|Any CPU
		{425822D2-FD82-BB98-D3DB-B55C0BEC4B5E}.Release|Any CPU.ActiveCfg = Release|Any CPU
		{425822D2-FD82-BB98-D3DB-B55C0BEC4B5E}.Release|Any CPU.Build.0 = Release|Any CPU
		{FA8A971C-ECD9-100B-C7AD-1DAA22A81D4D}.Debug|Any CPU.ActiveCfg = Debug|Any CPU
		{FA8A971C-ECD9-100B-C7AD-1DAA22A81D4D}.Debug|Any CPU.Build.0 = Debug|Any CPU
		{FA8A971C-ECD9-100B-C7AD-1DAA22A81D4D}.Release|Any CPU.ActiveCfg = Release|Any CPU
		{FA8A971C-ECD9-100B-C7AD-1DAA22A81D4D}.Release|Any CPU.Build.0 = Release|Any CPU
		{AAC37154-B4C3-415A-650E-0078602C0FA1}.Debug|Any CPU.ActiveCfg = Debug|Any CPU
		{AAC37154-B4C3-415A-650E-0078602C0FA1}.Debug|Any CPU.Build.0 = Debug|Any CPU
		{AAC37154-B4C3-415A-650E-0078602C0FA1}.Release|Any CPU.ActiveCfg = Release|Any CPU
		{AAC37154-B4C3-415A-650E-0078602C0FA1}.Release|Any CPU.Build.0 = Release|Any CPU
		{6857FB03-66DE-AEEC-5053-4C051916DB30}.Debug|Any CPU.ActiveCfg = Debug|Any CPU
		{6857FB03-66DE-AEEC-5053-4C051916DB30}.Debug|Any CPU.Build.0 = Debug|Any CPU
		{6857FB03-66DE-AEEC-5053-4C051916DB30}.Release|Any CPU.ActiveCfg = Release|Any CPU
		{6857FB03-66DE-AEEC-5053-4C051916DB30}.Release|Any CPU.Build.0 = Release|Any CPU
		{BC6B1D3E-9ECD-A257-F785-339748FDAF4F}.Debug|Any CPU.ActiveCfg = Debug|Any CPU
		{BC6B1D3E-9ECD-A257-F785-339748FDAF4F}.Debug|Any CPU.Build.0 = Debug|Any CPU
		{BC6B1D3E-9ECD-A257-F785-339748FDAF4F}.Release|Any CPU.ActiveCfg = Release|Any CPU
		{BC6B1D3E-9ECD-A257-F785-339748FDAF4F}.Release|Any CPU.Build.0 = Release|Any CPU
		{D52E5D0C-D39B-FA19-3421-B1E17C629EB3}.Debug|Any CPU.ActiveCfg = Debug|Any CPU
		{D52E5D0C-D39B-FA19-3421-B1E17C629EB3}.Debug|Any CPU.Build.0 = Debug|Any CPU
		{D52E5D0C-D39B-FA19-3421-B1E17C629EB3}.Release|Any CPU.ActiveCfg = Release|Any CPU
		{D52E5D0C-D39B-FA19-3421-B1E17C629EB3}.Release|Any CPU.Build.0 = Release|Any CPU
		{C480B73F-203D-A9B3-31A0-6E57209EB973}.Debug|Any CPU.ActiveCfg = Debug|Any CPU
		{C480B73F-203D-A9B3-31A0-6E57209EB973}.Debug|Any CPU.Build.0 = Debug|Any CPU
		{C480B73F-203D-A9B3-31A0-6E57209EB973}.Release|Any CPU.ActiveCfg = Release|Any CPU
		{C480B73F-203D-A9B3-31A0-6E57209EB973}.Release|Any CPU.Build.0 = Release|Any CPU
		{D9A7B44D-C36D-9829-FFEB-D701D5887DC8}.Debug|Any CPU.ActiveCfg = Debug|Any CPU
		{D9A7B44D-C36D-9829-FFEB-D701D5887DC8}.Debug|Any CPU.Build.0 = Debug|Any CPU
		{D9A7B44D-C36D-9829-FFEB-D701D5887DC8}.Release|Any CPU.ActiveCfg = Release|Any CPU
		{D9A7B44D-C36D-9829-FFEB-D701D5887DC8}.Release|Any CPU.Build.0 = Release|Any CPU
		{4BE0BD2B-8634-9E6F-18A0-C2900EACDA29}.Debug|Any CPU.ActiveCfg = Debug|Any CPU
		{4BE0BD2B-8634-9E6F-18A0-C2900EACDA29}.Debug|Any CPU.Build.0 = Debug|Any CPU
		{4BE0BD2B-8634-9E6F-18A0-C2900EACDA29}.Release|Any CPU.ActiveCfg = Release|Any CPU
		{4BE0BD2B-8634-9E6F-18A0-C2900EACDA29}.Release|Any CPU.Build.0 = Release|Any CPU
		{81279F33-7935-0A15-A3CA-5E88EAE0E79E}.Debug|Any CPU.ActiveCfg = Debug|Any CPU
		{81279F33-7935-0A15-A3CA-5E88EAE0E79E}.Debug|Any CPU.Build.0 = Debug|Any CPU
		{81279F33-7935-0A15-A3CA-5E88EAE0E79E}.Release|Any CPU.ActiveCfg = Release|Any CPU
		{81279F33-7935-0A15-A3CA-5E88EAE0E79E}.Release|Any CPU.Build.0 = Release|Any CPU
		{273DC28D-9B30-0392-3820-E6E8C3A76871}.Debug|Any CPU.ActiveCfg = Debug|Any CPU
		{273DC28D-9B30-0392-3820-E6E8C3A76871}.Debug|Any CPU.Build.0 = Debug|Any CPU
		{273DC28D-9B30-0392-3820-E6E8C3A76871}.Release|Any CPU.ActiveCfg = Release|Any CPU
		{273DC28D-9B30-0392-3820-E6E8C3A76871}.Release|Any CPU.Build.0 = Release|Any CPU
	EndGlobalSection
	GlobalSection(SolutionProperties) = preSolution
		HideSolutionNode = FALSE
	EndGlobalSection
EndGlobal
